PODS:
  - SwiftSortableTableViews (0.2.0)

DEPENDENCIES:
  - SwiftSortableTableViews (from `~/code/SwiftSortableTableViews/SwiftSortableTableViews.podspec`)

EXTERNAL SOURCES:
  SwiftSortableTableViews:
    :path: ~/code/SwiftSortableTableViews/SwiftSortableTableViews.podspec

SPEC CHECKSUMS:
  SwiftSortableTableViews: 4919b85c99ac00169e1f6347a8d18e3ff7b6504e

PODFILE CHECKSUM: 8cae1678c07ddbdc874bca0c285fb722020c764b

COCOAPODS: 1.3.1
